github.com/cnlesscode/firstKV v1.1.3 h1:OAz2+yw1wHL6CgOy5Z/U4llkkudh2VJD5BMog/tRGEI=
github.com/cnlesscode/firstKV v1.1.3/go.mod h1:61y7Y55RbRqjjcTlbSUjvgBj1jslbd7ohUuZ4PW4ZfY=
github.com/cnlesscode/gotool v0.0.3 h1:ZVBy0uEOvKQeS57APOiJAWHg1V7dztY1iU/HwIv5hzE=
github.com/cnlesscode/gotool v0.0.3/go.mod h1:KQhP9OZRzebXFDa2SJBsxcenNcIjJ7562rCs4HQMvJk=
