github.com/cnlesscode/firstKV v1.0.7 h1:hC+b26QRCRRHwsTGn5IFLeQXrUyudzpP8e1JdlaOkv8=
github.com/cnlesscode/firstKV v1.0.7/go.mod h1:61y7Y55RbRqjjcTlbSUjvgBj1jslbd7ohUuZ4PW4ZfY=
github.com/cnlesscode/gotool v0.0.2 h1:kyS9WSzMkEV+wUZqJxNoawtgmJnqEGckek+OBmm42tY=
github.com/cnlesscode/gotool v0.0.2/go.mod h1:KQhP9OZRzebXFDa2SJBsxcenNcIjJ7562rCs4HQMvJk=
